github.com/Klagarge/modbusGo v1.7.2 h1:lMAOeESDqW5A/MIMJfU2pCGuh298O6lC2PEjrTbK8es=
github.com/Klagarge/modbusGo v1.7.2/go.mod h1:YFV7LtIYYI2ALeDNeyXTab300wVr7pF55Am0NNayFjY=
github.com/goburrow/serial v0.1.0 h1:v2T1SQa/dlUqQiYIT8+Cu7YolfqAi3K96UmhwYyuSrA=
github.com/goburrow/serial v0.1.0/go.mod h1:sAiqG0nRVswsm1C97xsttiYCzSLBmUZ/VSlVLZJ8haA=
